// !$*UTF8*$!
{
	archiveVersion = 1;
	classes = {
	};
	objectVersion = 50;
	objects = {

/* Begin PBXBuildFile section */
		99BE866D2294CE9100478052 /* AppDelegate.swift in Sources */ = {isa = PBXBuildFile; fileRef = 99BE866C2294CE9100478052 /* AppDelegate.swift */; };
		99BE866F2294CE9100478052 /* ViewController.swift in Sources */ = {isa = PBXBuildFile; fileRef = 99BE866E2294CE9100478052 /* ViewController.swift */; };
		99BE86722294CE9100478052 /* Main.storyboard in Resources */ = {isa = PBXBuildFile; fileRef = 99BE86702294CE9100478052 /* Main.storyboard */; };
		99BE86742294CE9200478052 /* Assets.xcassets in Resources */ = {isa = PBXBuildFile; fileRef = 99BE86732294CE9200478052 /* Assets.xcassets */; };
		99BE86772294CE9200478052 /* LaunchScreen.storyboard in Resources */ = {isa = PBXBuildFile; fileRef = 99BE86752294CE9200478052 /* LaunchScreen.storyboard */; };
		99BE86822294CE9200478052 /* MemeMeImagePickerTests.swift in Sources */ = {isa = PBXBuildFile; fileRef = 99BE86812294CE9200478052 /* MemeMeImagePickerTests.swift */; };
		99BE868D2294CE9200478052 /* MemeMeImagePickerUITests.swift in Sources */ = {isa = PBXBuildFile; fileRef = 99BE868C2294CE9200478052 /* MemeMeImagePickerUITests.swift */; };
/* End PBXBuildFile section */

/* Begin PBXContainerItemProxy section */
		99BE867E2294CE9200478052 /* PBXContainerItemProxy */ = {
			isa = PBXContainerItemProxy;
			containerPortal = 99BE86612294CE9100478052 /* Project object */;
			proxyType = 1;
			remoteGlobalIDString = 99BE86682294CE9100478052;
			remoteInfo = MemeMeImagePicker;
		};
		99BE86892294CE9200478052 /* PBXContainerItemProxy */ = {
			isa = PBXContainerItemProxy;
			containerPortal = 99BE86612294CE9100478052 /* Project object */;
			proxyType = 1;
			remoteGlobalIDString = 99BE86682294CE9100478052;
			remoteInfo = MemeMeImagePicker;
		};
/* End PBXContainerItemProxy section */

/* Begin PBXFileReference section */
		99BE86692294CE9100478052 /* MemeMeImagePicker.app */ = {isa = PBXFileReference; explicitFileType = wrapper.application; includeInIndex = 0; path = MemeMeImagePicker.app; sourceTree = BUILT_PRODUCTS_DIR; };
		99BE866C2294CE9100478052 /* AppDelegate.swift */ = {isa = PBXFileReference; lastKnownFileType = sourcecode.swift; path = AppDelegate.swift; sourceTree = "<group>"; };
		99BE866E2294CE9100478052 /* ViewController.swift */ = {isa = PBXFileReference; lastKnownFileType = sourcecode.swift; path = ViewController.swift; sourceTree = "<group>"; };
		99BE86712294CE9100478052 /* Base */ = {isa = PBXFileReference; lastKnownFileType = file.storyboard; name = Base; path = Base.lproj/Main.storyboard; sourceTree = "<group>"; };
		99BE86732294CE9200478052 /* Assets.xcassets */ = {isa = PBXFileReference; lastKnownFileType = folder.assetcatalog; path = Assets.xcassets; sourceTree = "<group>"; };
		99BE86762294CE9200478052 /* Base */ = {isa = PBXFileReference; lastKnownFileType = file.storyboard; name = Base; path = Base.lproj/LaunchScreen.storyboard; sourceTree = "<group>"; };
		99BE86782294CE9200478052 /* Info.plist */ = {isa = PBXFileReference; lastKnownFileType = text.plist.xml; path = Info.plist; sourceTree = "<group>"; };
		99BE867D2294CE9200478052 /* MemeMeImagePickerTests.xctest */ = {isa = PBXFileReference; explicitFileType = wrapper.cfbundle; includeInIndex = 0; path = MemeMeImagePickerTests.xctest; sourceTree = BUILT_PRODUCTS_DIR; };
		99BE86812294CE9200478052 /* MemeMeImagePickerTests.swift */ = {isa = PBXFileReference; lastKnownFileType = sourcecode.swift; path = MemeMeImagePickerTests.swift; sourceTree = "<group>"; };
		99BE86832294CE9200478052 /* Info.plist */ = {isa = PBXFileReference; lastKnownFileType = text.plist.xml; path = Info.plist; sourceTree = "<group>"; };
		99BE86882294CE9200478052 /* MemeMeImagePickerUITests.xctest */ = {isa = PBXFileReference; explicitFileType = wrapper.cfbundle; includeInIndex = 0; path = MemeMeImagePickerUITests.xctest; sourceTree = BUILT_PRODUCTS_DIR; };
		99BE868C2294CE9200478052 /* MemeMeImagePickerUITests.swift */ = {isa = PBXFileReference; lastKnownFileType = sourcecode.swift; path = MemeMeImagePickerUITests.swift; sourceTree = "<group>"; };
		99BE868E2294CE9200478052 /* Info.plist */ = {isa = PBXFileReference; lastKnownFileType = text.plist.xml; path = Info.plist; sourceTree = "<group>"; };
/* End PBXFileReference section */

/* Begin PBXFrameworksBuildPhase section */
		99BE86662294CE9100478052 /* Frameworks */ = {
			isa = PBXFrameworksBuildPhase;
			buildActionMask = 2147483647;
			files = (
			);
			runOnlyForDeploymentPostprocessing = 0;
		};
		99BE867A2294CE9200478052 /* Frameworks */ = {
			isa = PBXFrameworksBuildPhase;
			buildActionMask = 2147483647;
			files = (
			);
			runOnlyForDeploymentPostprocessing = 0;
		};
		99BE86852294CE9200478052 /* Frameworks */ = {
			isa = PBXFrameworksBuildPhase;
			buildActionMask = 2147483647;
			files = (
			);
			runOnlyForDeploymentPostprocessing = 0;
		};
/* End PBXFrameworksBuildPhase section */

/* Begin PBXGroup section */
		99BE86602294CE9100478052 = {
			isa = PBXGroup;
			children = (
				99BE866B2294CE9100478052 /* MemeMeImagePicker */,
				99BE86802294CE9200478052 /* MemeMeImagePickerTests */,
				99BE868B2294CE9200478052 /* MemeMeImagePickerUITests */,
				99BE866A2294CE9100478052 /* Products */,
			);
			sourceTree = "<group>";
		};
		99BE866A2294CE9100478052 /* Products */ = {
			isa = PBXGroup;
			children = (
				99BE86692294CE9100478052 /* MemeMeImagePicker.app */,
				99BE867D2294CE9200478052 /* MemeMeImagePickerTests.xctest */,
				99BE86882294CE9200478052 /* MemeMeImagePickerUITests.xctest */,
			);
			name = Products;
			sourceTree = "<group>";
		};
		99BE866B2294CE9100478052 /* MemeMeImagePicker */ = {
			isa = PBXGroup;
			children = (
				99BE866C2294CE9100478052 /* AppDelegate.swift */,
				99BE866E2294CE9100478052 /* ViewController.swift */,
				99BE86702294CE9100478052 /* Main.storyboard */,
				99BE86732294CE9200478052 /* Assets.xcassets */,
				99BE86752294CE9200478052 /* LaunchScreen.storyboard */,
				99BE86782294CE9200478052 /* Info.plist */,
			);
			path = MemeMeImagePicker;
			sourceTree = "<group>";
		};
		99BE86802294CE9200478052 /* MemeMeImagePickerTests */ = {
			isa = PBXGroup;
			children = (
				99BE86812294CE9200478052 /* MemeMeImagePickerTests.swift */,
				99BE86832294CE9200478052 /* Info.plist */,
			);
			path = MemeMeImagePickerTests;
			sourceTree = "<group>";
		};
		99BE868B2294CE9200478052 /* MemeMeImagePickerUITests */ = {
			isa = PBXGroup;
			children = (
				99BE868C2294CE9200478052 /* MemeMeImagePickerUITests.swift */,
				99BE868E2294CE9200478052 /* Info.plist */,
			);
			path = MemeMeImagePickerUITests;
			sourceTree = "<group>";
		};
/* End PBXGroup section */

/* Begin PBXNativeTarget section */
		99BE86682294CE9100478052 /* MemeMeImagePicker */ = {
			isa = PBXNativeTarget;
			buildConfigurationList = 99BE86912294CE9200478052 /* Build configuration list for PBXNativeTarget "MemeMeImagePicker" */;
			buildPhases = (
				99BE86652294CE9100478052 /* Sources */,
				99BE86662294CE9100478052 /* Frameworks */,
				99BE86672294CE9100478052 /* Resources */,
			);
			buildRules = (
			);
			dependencies = (
			);
			name = MemeMeImagePicker;
			productName = MemeMeImagePicker;
			productReference = 99BE86692294CE9100478052 /* MemeMeImagePicker.app */;
			productType = "com.apple.product-type.application";
		};
		99BE867C2294CE9200478052 /* MemeMeImagePickerTests */ = {
			isa = PBXNativeTarget;
			buildConfigurationList = 99BE86942294CE9200478052 /* Build configuration list for PBXNativeTarget "MemeMeImagePickerTests" */;
			buildPhases = (
				99BE86792294CE9200478052 /* Sources */,
				99BE867A2294CE9200478052 /* Frameworks */,
				99BE867B2294CE9200478052 /* Resources */,
			);
			buildRules = (
			);
			dependencies = (
				99BE867F2294CE9200478052 /* PBXTargetDependency */,
			);
			name = MemeMeImagePickerTests;
			productName = MemeMeImagePickerTests;
			productReference = 99BE867D2294CE9200478052 /* MemeMeImagePickerTests.xctest */;
			productType = "com.apple.product-type.bundle.unit-test";
		};
		99BE86872294CE9200478052 /* MemeMeImagePickerUITests */ = {
			isa = PBXNativeTarget;
			buildConfigurationList = 99BE86972294CE9200478052 /* Build configuration list for PBXNativeTarget "MemeMeImagePickerUITests" */;
			buildPhases = (
				99BE86842294CE9200478052 /* Sources */,
				99BE86852294CE9200478052 /* Frameworks */,
				99BE86862294CE9200478052 /* Resources */,
			);
			buildRules = (
			);
			dependencies = (
				99BE868A2294CE9200478052 /* PBXTargetDependency */,
			);
			name = MemeMeImagePickerUITests;
			productName = MemeMeImagePickerUITests;
			productReference = 99BE86882294CE9200478052 /* MemeMeImagePickerUITests.xctest */;
			productType = "com.apple.product-type.bundle.ui-testing";
		};
/* End PBXNativeTarget section */

/* Begin PBXProject section */
		99BE86612294CE9100478052 /* Project object */ = {
			isa = PBXProject;
			attributes = {
				LastSwiftUpdateCheck = 1010;
				LastUpgradeCheck = 1010;
				ORGANIZATIONNAME = "Michael Stockman";
				TargetAttributes = {
					99BE86682294CE9100478052 = {
						CreatedOnToolsVersion = 10.1;
					};
					99BE867C2294CE9200478052 = {
						CreatedOnToolsVersion = 10.1;
						TestTargetID = 99BE86682294CE9100478052;
					};
					99BE86872294CE9200478052 = {
						CreatedOnToolsVersion = 10.1;
						TestTargetID = 99BE86682294CE9100478052;
					};
				};
			};
			buildConfigurationList = 99BE86642294CE9100478052 /* Build configuration list for PBXProject "MemeMeImagePicker" */;
			compatibilityVersion = "Xcode 9.3";
			developmentRegion = en;
			hasScannedForEncodings = 0;
			knownRegions = (
				en,
				Base,
			);
			mainGroup = 99BE86602294CE9100478052;
			productRefGroup = 99BE866A2294CE9100478052 /* Products */;
			projectDirPath = "";
			projectRoot = "";
			targets = (
				99BE86682294CE9100478052 /* MemeMeImagePicker */,
				99BE867C2294CE9200478052 /* MemeMeImagePickerTests */,
				99BE86872294CE9200478052 /* MemeMeImagePickerUITests */,
			);
		};
/* End PBXProject section */

/* Begin PBXResourcesBuildPhase section */
		99BE86672294CE9100478052 /* Resources */ = {
			isa = PBXResourcesBuildPhase;
			buildActionMask = 2147483647;
			files = (
				99BE86772294CE9200478052 /* LaunchScreen.storyboard in Resources */,
				99BE86742294CE9200478052 /* Assets.xcassets in Resources */,
				99BE86722294CE9100478052 /* Main.storyboard in Resources */,
			);
			runOnlyForDeploymentPostprocessing = 0;
		};
		99BE867B2294CE9200478052 /* Resources */ = {
			isa = PBXResourcesBuildPhase;
			buildActionMask = 2147483647;
			files = (
			);
			runOnlyForDeploymentPostprocessing = 0;
		};
		99BE86862294CE9200478052 /* Resources */ = {
			isa = PBXResourcesBuildPhase;
			buildActionMask = 2147483647;
			files = (
			);
			runOnlyForDeploymentPostprocessing = 0;
		};
/* End PBXResourcesBuildPhase section */

/* Begin PBXSourcesBuildPhase section */
		99BE86652294CE9100478052 /* Sources */ = {
			isa = PBXSourcesBuildPhase;
			buildActionMask = 2147483647;
			files = (
				99BE866F2294CE9100478052 /* ViewController.swift in Sources */,
				99BE866D2294CE9100478052 /* AppDelegate.swift in Sources */,
			);
			runOnlyForDeploymentPostprocessing = 0;
		};
		99BE86792294CE9200478052 /* Sources */ = {
			isa = PBXSourcesBuildPhase;
			buildActionMask = 2147483647;
			files = (
				99BE86822294CE9200478052 /* MemeMeImagePickerTests.swift in Sources */,
			);
			runOnlyForDeploymentPostprocessing = 0;
		};
		99BE86842294CE9200478052 /* Sources */ = {
			isa = PBXSourcesBuildPhase;
			buildActionMask = 2147483647;
			files = (
				99BE868D2294CE9200478052 /* MemeMeImagePickerUITests.swift in Sources */,
			);
			runOnlyForDeploymentPostprocessing = 0;
		};
/* End PBXSourcesBuildPhase section */

/* Begin PBXTargetDependency section */
		99BE867F2294CE9200478052 /* PBXTargetDependency */ = {
			isa = PBXTargetDependency;
			target = 99BE86682294CE9100478052 /* MemeMeImagePicker */;
			targetProxy = 99BE867E2294CE9200478052 /* PBXContainerItemProxy */;
		};
		99BE868A2294CE9200478052 /* PBXTargetDependency */ = {
			isa = PBXTargetDependency;
			target = 99BE86682294CE9100478052 /* MemeMeImagePicker */;
			targetProxy = 99BE86892294CE9200478052 /* PBXContainerItemProxy */;
		};
/* End PBXTargetDependency section */

/* Begin PBXVariantGroup section */
		99BE86702294CE9100478052 /* Main.storyboard */ = {
			isa = PBXVariantGroup;
			children = (
				99BE86712294CE9100478052 /* Base */,
			);
			name = Main.storyboard;
			sourceTree = "<group>";
		};
		99BE86752294CE9200478052 /* LaunchScreen.storyboard */ = {
			isa = PBXVariantGroup;
			children = (
				99BE86762294CE9200478052 /* Base */,
			);
			name = LaunchScreen.storyboard;
			sourceTree = "<group>";
		};
/* End PBXVariantGroup section */

/* Begin XCBuildConfiguration section */
		99BE868F2294CE9200478052 /* Debug */ = {
			isa = XCBuildConfiguration;
			buildSettings = {
				ALWAYS_SEARCH_USER_PATHS = NO;
				CLANG_ANALYZER_NONNULL = YES;
				CLANG_ANALYZER_NUMBER_OBJECT_CONVERSION = YES_AGGRESSIVE;
				CLANG_CXX_LANGUAGE_STANDARD = "gnu++14";
				CLANG_CXX_LIBRARY = "libc++";
				CLANG_ENABLE_MODULES = YES;
				CLANG_ENABLE_OBJC_ARC = YES;
				CLANG_ENABLE_OBJC_WEAK = YES;
				CLANG_WARN_BLOCK_CAPTURE_AUTORELEASING = YES;
				CLANG_WARN_BOOL_CONVERSION = YES;
				CLANG_WARN_COMMA = YES;
				CLANG_WARN_CONSTANT_CONVERSION = YES;
				CLANG_WARN_DEPRECATED_OBJC_IMPLEMENTATIONS = YES;
				CLANG_WARN_DIRECT_OBJC_ISA_USAGE = YES_ERROR;
				CLANG_WARN_DOCUMENTATION_COMMENTS = YES;
				CLANG_WARN_EMPTY_BODY = YES;
				CLANG_WARN_ENUM_CONVERSION = YES;
				CLANG_WARN_INFINITE_RECURSION = YES;
				CLANG_WARN_INT_CONVERSION = YES;
				CLANG_WARN_NON_LITERAL_NULL_CONVERSION = YES;
				CLANG_WARN_OBJC_IMPLICIT_RETAIN_SELF = YES;
				CLANG_WARN_OBJC_LITERAL_CONVERSION = YES;
				CLANG_WARN_OBJC_ROOT_CLASS = YES_ERROR;
				CLANG_WARN_RANGE_LOOP_ANALYSIS = YES;
				CLANG_WARN_STRICT_PROTOTYPES = YES;
				CLANG_WARN_SUSPICIOUS_MOVE = YES;
				CLANG_WARN_UNGUARDED_AVAILABILITY = YES_AGGRESSIVE;
				CLANG_WARN_UNREACHABLE_CODE = YES;
				CLANG_WARN__DUPLICATE_METHOD_MATCH = YES;
				CODE_SIGN_IDENTITY = "iPhone Developer";
				COPY_PHASE_STRIP = NO;
				DEBUG_INFORMATION_FORMAT = dwarf;
				ENABLE_STRICT_OBJC_MSGSEND = YES;
				ENABLE_TESTABILITY = YES;
				GCC_C_LANGUAGE_STANDARD = gnu11;
				GCC_DYNAMIC_NO_PIC = NO;
				GCC_NO_COMMON_BLOCKS = YES;
				GCC_OPTIMIZATION_LEVEL = 0;
				GCC_PREPROCESSOR_DEFINITIONS = (
					"DEBUG=1",
					"$(inherited)",
				);
				GCC_WARN_64_TO_32_BIT_CONVERSION = YES;
				GCC_WARN_ABOUT_RETURN_TYPE = YES_ERROR;
				GCC_WARN_UNDECLARED_SELECTOR = YES;
				GCC_WARN_UNINITIALIZED_AUTOS = YES_AGGRESSIVE;
				GCC_WARN_UNUSED_FUNCTION = YES;
				GCC_WARN_UNUSED_VARIABLE = YES;
				IPHONEOS_DEPLOYMENT_TARGET = 12.1;
				MTL_ENABLE_DEBUG_INFO = INCLUDE_SOURCE;
				MTL_FAST_MATH = YES;
				ONLY_ACTIVE_ARCH = YES;
				SDKROOT = iphoneos;
				SWIFT_ACTIVE_COMPILATION_CONDITIONS = DEBUG;
				SWIFT_OPTIMIZATION_LEVEL = "-Onone";
			};
			name = Debug;
		};
		99BE86902294CE9200478052 /* Release */ = {
			isa = XCBuildConfiguration;
			buildSettings = {
				ALWAYS_SEARCH_USER_PATHS = NO;
				CLANG_ANALYZER_NONNULL = YES;
				CLANG_ANALYZER_NUMBER_OBJECT_CONVERSION = YES_AGGRESSIVE;
				CLANG_CXX_LANGUAGE_STANDARD = "gnu++14";
				CLANG_CXX_LIBRARY = "libc++";
				CLANG_ENABLE_MODULES = YES;
				CLANG_ENABLE_OBJC_ARC = YES;
				CLANG_ENABLE_OBJC_WEAK = YES;
				CLANG_WARN_BLOCK_CAPTURE_AUTORELEASING = YES;
				CLANG_WARN_BOOL_CONVERSION = YES;
				CLANG_WARN_COMMA = YES;
				CLANG_WARN_CONSTANT_CONVERSION = YES;
				CLANG_WARN_DEPRECATED_OBJC_IMPLEMENTATIONS = YES;
				CLANG_WARN_DIRECT_OBJC_ISA_USAGE = YES_ERROR;
				CLANG_WARN_DOCUMENTATION_COMMENTS = YES;
				CLANG_WARN_EMPTY_BODY = YES;
				CLANG_WARN_ENUM_CONVERSION = YES;
				CLANG_WARN_INFINITE_RECURSION = YES;
				CLANG_WARN_INT_CONVERSION = YES;
				CLANG_WARN_NON_LITERAL_NULL_CONVERSION = YES;
				CLANG_WARN_OBJC_IMPLICIT_RETAIN_SELF = YES;
				CLANG_WARN_OBJC_LITERAL_CONVERSION = YES;
				CLANG_WARN_OBJC_ROOT_CLASS = YES_ERROR;
				CLANG_WARN_RANGE_LOOP_ANALYSIS = YES;
				CLANG_WARN_STRICT_PROTOTYPES = YES;
				CLANG_WARN_SUSPICIOUS_MOVE = YES;
				CLANG_WARN_UNGUARDED_AVAILABILITY = YES_AGGRESSIVE;
				CLANG_WARN_UNREACHABLE_CODE = YES;
				CLANG_WARN__DUPLICATE_METHOD_MATCH = YES;
				CODE_SIGN_IDENTITY = "iPhone Developer";
				COPY_PHASE_STRIP = NO;
				DEBUG_INFORMATION_FORMAT = "dwarf-with-dsym";
				ENABLE_NS_ASSERTIONS = NO;
				ENABLE_STRICT_OBJC_MSGSEND = YES;
				GCC_C_LANGUAGE_STANDARD = gnu11;
				GCC_NO_COMMON_BLOCKS = YES;
				GCC_WARN_64_TO_32_BIT_CONVERSION = YES;
				GCC_WARN_ABOUT_RETURN_TYPE = YES_ERROR;
				GCC_WARN_UNDECLARED_SELECTOR = YES;
				GCC_WARN_UNINITIALIZED_AUTOS = YES_AGGRESSIVE;
				GCC_WARN_UNUSED_FUNCTION = YES;
				GCC_WARN_UNUSED_VARIABLE = YES;
				IPHONEOS_DEPLOYMENT_TARGET = 12.1;
				MTL_ENABLE_DEBUG_INFO = NO;
				MTL_FAST_MATH = YES;
				SDKROOT = iphoneos;
				SWIFT_COMPILATION_MODE = wholemodule;
				SWIFT_OPTIMIZATION_LEVEL = "-O";
				VALIDATE_PRODUCT = YES;
			};
			name = Release;
		};
		99BE86922294CE9200478052 /* Debug */ = {
			isa = XCBuildConfiguration;
			buildSettings = {
				ASSETCATALOG_COMPILER_APPICON_NAME = AppIcon;
				CODE_SIGN_STYLE = Automatic;
				INFOPLIST_FILE = MemeMeImagePicker/Info.plist;
				LD_RUNPATH_SEARCH_PATHS = (
					"$(inherited)",
					"@executable_path/Frameworks",
				);
				PRODUCT_BUNDLE_IDENTIFIER = mstockman.MemeMeImagePicker;
				PRODUCT_NAME = "$(TARGET_NAME)";
				SWIFT_VERSION = 4.2;
				TARGETED_DEVICE_FAMILY = "1,2";
			};
			name = Debug;
		};
		99BE86932294CE9200478052 /* Release */ = {
			isa = XCBuildConfiguration;
			buildSettings = {
				ASSETCATALOG_COMPILER_APPICON_NAME = AppIcon;
				CODE_SIGN_STYLE = Automatic;
				INFOPLIST_FILE = MemeMeImagePicker/Info.plist;
				LD_RUNPATH_SEARCH_PATHS = (
					"$(inherited)",
					"@executable_path/Frameworks",
				);
				PRODUCT_BUNDLE_IDENTIFIER = mstockman.MemeMeImagePicker;
				PRODUCT_NAME = "$(TARGET_NAME)";
				SWIFT_VERSION = 4.2;
				TARGETED_DEVICE_FAMILY = "1,2";
			};
			name = Release;
		};
		99BE86952294CE9200478052 /* Debug */ = {
			isa = XCBuildConfiguration;
			buildSettings = {
				ALWAYS_EMBED_SWIFT_STANDARD_LIBRARIES = YES;
				BUNDLE_LOADER = "$(TEST_HOST)";
				CODE_SIGN_STYLE = Automatic;
				INFOPLIST_FILE = MemeMeImagePickerTests/Info.plist;
				LD_RUNPATH_SEARCH_PATHS = (
					"$(inherited)",
					"@executable_path/Frameworks",
					"@loader_path/Frameworks",
				);
				PRODUCT_BUNDLE_IDENTIFIER = mstockman.MemeMeImagePickerTests;
				PRODUCT_NAME = "$(TARGET_NAME)";
				SWIFT_VERSION = 4.2;
				TARGETED_DEVICE_FAMILY = "1,2";
				TEST_HOST = "$(BUILT_PRODUCTS_DIR)/MemeMeImagePicker.app/MemeMeImagePicker";
			};
			name = Debug;
		};
		99BE86962294CE9200478052 /* Release */ = {
			isa = XCBuildConfiguration;
			buildSettings = {
				ALWAYS_EMBED_SWIFT_STANDARD_LIBRARIES = YES;
				BUNDLE_LOADER = "$(TEST_HOST)";
				CODE_SIGN_STYLE = Automatic;
				INFOPLIST_FILE = MemeMeImagePickerTests/Info.plist;
				LD_RUNPATH_SEARCH_PATHS = (
					"$(inherited)",
					"@executable_path/Frameworks",
					"@loader_path/Frameworks",
				);
				PRODUCT_BUNDLE_IDENTIFIER = mstockman.MemeMeImagePickerTests;
				PRODUCT_NAME = "$(TARGET_NAME)";
				SWIFT_VERSION = 4.2;
				TARGETED_DEVICE_FAMILY = "1,2";
				TEST_HOST = "$(BUILT_PRODUCTS_DIR)/MemeMeImagePicker.app/MemeMeImagePicker";
			};
			name = Release;
		};
		99BE86982294CE9200478052 /* Debug */ = {
			isa = XCBuildConfiguration;
			buildSettings = {
				ALWAYS_EMBED_SWIFT_STANDARD_LIBRARIES = YES;
				CODE_SIGN_STYLE = Automatic;
				INFOPLIST_FILE = MemeMeImagePickerUITests/Info.plist;
				LD_RUNPATH_SEARCH_PATHS = (
					"$(inherited)",
					"@executable_path/Frameworks",
					"@loader_path/Frameworks",
				);
				PRODUCT_BUNDLE_IDENTIFIER = mstockman.MemeMeImagePickerUITests;
				PRODUCT_NAME = "$(TARGET_NAME)";
				SWIFT_VERSION = 4.2;
				TARGETED_DEVICE_FAMILY = "1,2";
				TEST_TARGET_NAME = MemeMeImagePicker;
			};
			name = Debug;
		};
		99BE86992294CE9200478052 /* Release */ = {
			isa = XCBuildConfiguration;
			buildSettings = {
				ALWAYS_EMBED_SWIFT_STANDARD_LIBRARIES = YES;
				CODE_SIGN_STYLE = Automatic;
				INFOPLIST_FILE = MemeMeImagePickerUITests/Info.plist;
				LD_RUNPATH_SEARCH_PATHS = (
					"$(inherited)",
					"@executable_path/Frameworks",
					"@loader_path/Frameworks",
				);
				PRODUCT_BUNDLE_IDENTIFIER = mstockman.MemeMeImagePickerUITests;
				PRODUCT_NAME = "$(TARGET_NAME)";
				SWIFT_VERSION = 4.2;
				TARGETED_DEVICE_FAMILY = "1,2";
				TEST_TARGET_NAME = MemeMeImagePicker;
			};
			name = Release;
		};
/* End XCBuildConfiguration section */

/* Begin XCConfigurationList section */
		99BE86642294CE9100478052 /* Build configuration list for PBXProject "MemeMeImagePicker" */ = {
			isa = XCConfigurationList;
			buildConfigurations = (
				99BE868F2294CE9200478052 /* Debug */,
				99BE86902294CE9200478052 /* Release */,
			);
			defaultConfigurationIsVisible = 0;
			defaultConfigurationName = Release;
		};
		99BE86912294CE9200478052 /* Build configuration list for PBXNativeTarget "MemeMeImagePicker" */ = {
			isa = XCConfigurationList;
			buildConfigurations = (
				99BE86922294CE9200478052 /* Debug */,
				99BE86932294CE9200478052 /* Release */,
			);
			defaultConfigurationIsVisible = 0;
			defaultConfigurationName = Release;
		};
		99BE86942294CE9200478052 /* Build configuration list for PBXNativeTarget "MemeMeImagePickerTests" */ = {
			isa = XCConfigurationList;
			buildConfigurations = (
				99BE86952294CE9200478052 /* Debug */,
				99BE86962294CE9200478052 /* Release */,
			);
			defaultConfigurationIsVisible = 0;
			defaultConfigurationName = Release;
		};
		99BE86972294CE9200478052 /* Build configuration list for PBXNativeTarget "MemeMeImagePickerUITests" */ = {
			isa = XCConfigurationList;
			buildConfigurations = (
				99BE86982294CE9200478052 /* Debug */,
				99BE86992294CE9200478052 /* Release */,
			);
			defaultConfigurationIsVisible = 0;
			defaultConfigurationName = Release;
		};
/* End XCConfigurationList section */
	};
	rootObject = 99BE86612294CE9100478052 /* Project object */;
}
